generation: sha256:342d25befec043fdb957ae1e383ccc466a4197eafde4eb9198cc6f52b98d42d3
policy:
  catalog:
    repository: datreeio/CRDs-catalog
    resolved: ad3b08c5045129d7bb1eeffd8e61719b2c8dd1e2
    track: main
  generateFromCRDs: true
  kubernetes:
    repository: yannh/kubernetes-json-schema
    resolved: a6f9a32d2ccb64b6e4f5b41419b9c2e8ee0cce18
    track: master
  kubernetesVersion: 1.35.3
schemas:
  - gvk:
      group: ''
      kind: ConfigMap
      version: v1
    path: kubernetes/v1/configmap_v1.json
    sha256: sha256:e0eaddebd677c08aa092b2da2264d86ac4fc34eed112b9fac2945b3f00c1e9b1
    source: kubernetes
    sourceReference: https://raw.githubusercontent.com/yannh/kubernetes-json-schema/a6f9a32d2ccb64b6e4f5b41419b9c2e8ee0cce18/v1.35.3-standalone-strict/configmap-v1.json
  - gvk:
      group: ''
      kind: Namespace
      version: v1
    path: kubernetes/v1/namespace_v1.json
    sha256: sha256:324fae677b98d1a6d54340db0c334d053e8ffbafceb3f73326e41de2610d5843
    source: kubernetes
    sourceReference: https://raw.githubusercontent.com/yannh/kubernetes-json-schema/a6f9a32d2ccb64b6e4f5b41419b9c2e8ee0cce18/v1.35.3-standalone-strict/namespace-v1.json
  - gvk:
      group: ''
      kind: PersistentVolumeClaim
      version: v1
    path: kubernetes/v1/persistentvolumeclaim_v1.json
    sha256: sha256:6136871ac0337f11a48da5231a2807407c7386967e3432f344141b902f6a538c
    source: kubernetes
    sourceReference: https://raw.githubusercontent.com/yannh/kubernetes-json-schema/a6f9a32d2ccb64b6e4f5b41419b9c2e8ee0cce18/v1.35.3-standalone-strict/persistentvolumeclaim-v1.json
  - gvk:
      group: ''
      kind: Secret
      version: v1
    path: kubernetes/v1/secret_v1.json
    sha256: sha256:de761ccb06bd1d2c641fb57397f61b68e7ff53a384f0817ce40e5ded8cee86f3
    source: kubernetes
    sourceReference: https://raw.githubusercontent.com/yannh/kubernetes-json-schema/a6f9a32d2ccb64b6e4f5b41419b9c2e8ee0cce18/v1.35.3-standalone-strict/secret-v1.json
  - gvk:
      group: ''
      kind: Service
      version: v1
    path: kubernetes/v1/service_v1.json
    sha256: sha256:8bf019854daed511e7c174896a898173fa65d88ec5937c687a37303d4cc9351b
    source: kubernetes
    sourceReference: https://raw.githubusercontent.com/yannh/kubernetes-json-schema/a6f9a32d2ccb64b6e4f5b41419b9c2e8ee0cce18/v1.35.3-standalone-strict/service-v1.json
  - gvk:
      group: ''
      kind: ServiceAccount
      version: v1
    path: kubernetes/v1/serviceaccount_v1.json
    sha256: sha256:8193d6c3561475c6d3d5c44e1faedb1df53905373d904bc17015694326d659cf
    source: kubernetes
    sourceReference: https://raw.githubusercontent.com/yannh/kubernetes-json-schema/a6f9a32d2ccb64b6e4f5b41419b9c2e8ee0cce18/v1.35.3-standalone-strict/serviceaccount-v1.json
  - gvk:
      group: actions.github.com
      kind: AutoscalingRunnerSet
      version: v1alpha1
    path: generated/actions.github.com/autoscalingrunnerset_v1alpha1.json
    sha256: sha256:4c61bc3c74a9e44ab0b75d72287afd3cd3e996c25d09479a5a6b5bd7a75c2e3e
    source: generated
    sourceReference: rendered CRD actions.github.com/v1alpha1/AutoscalingRunnerSet
  - gvk:
      group: admissionregistration.k8s.io
      kind: MutatingWebhookConfiguration
      version: v1
    path: kubernetes/admissionregistration.k8s.io/mutatingwebhookconfiguration_v1.json
    sha256: sha256:816c8763e72d955cbe41d3ca45ef40877e82f6e12155a7229fb29c225f5812ba
    source: kubernetes
    sourceReference: https://raw.githubusercontent.com/yannh/kubernetes-json-schema/a6f9a32d2ccb64b6e4f5b41419b9c2e8ee0cce18/v1.35.3-standalone-strict/mutatingwebhookconfiguration-admissionregistration-v1.json
  - gvk:
      group: admissionregistration.k8s.io
      kind: ValidatingWebhookConfiguration
      version: v1
    path: kubernetes/admissionregistration.k8s.io/validatingwebhookconfiguration_v1.json
    sha256: sha256:cc85149054a94bfee52315f4abbe4846023ae878b25a2cb79aa9b80dc2383479
    source: kubernetes
    sourceReference: https://raw.githubusercontent.com/yannh/kubernetes-json-schema/a6f9a32d2ccb64b6e4f5b41419b9c2e8ee0cce18/v1.35.3-standalone-strict/validatingwebhookconfiguration-admissionregistration-v1.json
  - gvk:
      group: apps
      kind: DaemonSet
      version: v1
    path: kubernetes/apps/daemonset_v1.json
    sha256: sha256:d6adf88a0790ee7c51f240b01712aaafc897fd2212633aa76331c2a38c216789
    source: kubernetes
    sourceReference: https://raw.githubusercontent.com/yannh/kubernetes-json-schema/a6f9a32d2ccb64b6e4f5b41419b9c2e8ee0cce18/v1.35.3-standalone-strict/daemonset-apps-v1.json
  - gvk:
      group: apps
      kind: Deployment
      version: v1
    path: kubernetes/apps/deployment_v1.json
    sha256: sha256:46dc7cc4bec2c9a62400491e2b8057635afbfa6838999c518f7bea5c621a989b
    source: kubernetes
    sourceReference: https://raw.githubusercontent.com/yannh/kubernetes-json-schema/a6f9a32d2ccb64b6e4f5b41419b9c2e8ee0cce18/v1.35.3-standalone-strict/deployment-apps-v1.json
  - gvk:
      group: apps
      kind: StatefulSet
      version: v1
    path: kubernetes/apps/statefulset_v1.json
    sha256: sha256:da78ed86dce07983c3e54c565def2c2e478fd458155ac7cd56cf671e88e16ee2
    source: kubernetes
    sourceReference: https://raw.githubusercontent.com/yannh/kubernetes-json-schema/a6f9a32d2ccb64b6e4f5b41419b9c2e8ee0cce18/v1.35.3-standalone-strict/statefulset-apps-v1.json
  - gvk:
      group: batch
      kind: Job
      version: v1
    path: kubernetes/batch/job_v1.json
    sha256: sha256:514d04ed5540a4d6354bff1ace0bd5155c98c58bcd33a030d1500427387fa97f
    source: kubernetes
    sourceReference: https://raw.githubusercontent.com/yannh/kubernetes-json-schema/a6f9a32d2ccb64b6e4f5b41419b9c2e8ee0cce18/v1.35.3-standalone-strict/job-batch-v1.json
  - gvk:
      group: cert-manager.io
      kind: Certificate
      version: v1
    path: generated/cert-manager.io/certificate_v1.json
    sha256: sha256:09f1afc6dfec9f81e8bc31788d03e523ef006bffd43e7f87fd69c048e3f8e716
    source: generated
    sourceReference: rendered CRD cert-manager.io/v1/Certificate
  - gvk:
      group: cert-manager.io
      kind: ClusterIssuer
      version: v1
    path: generated/cert-manager.io/clusterissuer_v1.json
    sha256: sha256:012a3719f72da36917a1203039a8ce9e1b9a84b0daf6eb15d2218e7204c9082f
    source: generated
    sourceReference: rendered CRD cert-manager.io/v1/ClusterIssuer
  - gvk:
      group: cert-manager.io
      kind: Issuer
      version: v1
    path: generated/cert-manager.io/issuer_v1.json
    sha256: sha256:e4d44755eb13f938d5fe08573777e7f30ee68190ddfe4e54fd80a8281ad1b7db
    source: generated
    sourceReference: rendered CRD cert-manager.io/v1/Issuer
  - gvk:
      group: kafka.strimzi.io
      kind: Kafka
      version: v1
    path: generated/kafka.strimzi.io/kafka_v1.json
    sha256: sha256:e3fb09aa10a1f400183c69a145c6c8c5ce04f6d79e6cb5590d61ce90e1ec7fbf
    source: generated
    sourceReference: rendered CRD kafka.strimzi.io/v1/Kafka
  - gvk:
      group: kafka.strimzi.io
      kind: KafkaNodePool
      version: v1
    path: generated/kafka.strimzi.io/kafkanodepool_v1.json
    sha256: sha256:b7428ce3872dbab2f8667857da59627216b73dfd89efa4365a4364c9551a19b3
    source: generated
    sourceReference: rendered CRD kafka.strimzi.io/v1/KafkaNodePool
  - gvk:
      group: kiali.io
      kind: Kiali
      version: v1alpha1
    path: generated/kiali.io/kiali_v1alpha1.json
    sha256: sha256:dbc047dadfeb2c9f5a9cef4caa216b76a2d93dfaa408a3de01ca64d0c7005c55
    source: generated
    sourceReference: rendered CRD kiali.io/v1alpha1/Kiali
  - gvk:
      group: kyverno.io
      kind: ClusterPolicy
      version: v1
    path: generated/kyverno.io/clusterpolicy_v1.json
    sha256: sha256:57ee978b4c153a891bb576f2e7f723e03428097d266b5440f32ae4a25357789e
    source: generated
    sourceReference: rendered CRD kyverno.io/v1/ClusterPolicy
  - gvk:
      group: monitoring.coreos.com
      kind: Alertmanager
      version: v1
    path: generated/monitoring.coreos.com/alertmanager_v1.json
    sha256: sha256:d12f3529a5d5755d6a92d89415860f84c29a8f85629e12e7a90b90a510e3b0f5
    source: generated
    sourceReference: rendered CRD monitoring.coreos.com/v1/Alertmanager
  - gvk:
      group: monitoring.coreos.com
      kind: PrometheusRule
      version: v1
    path: generated/monitoring.coreos.com/prometheusrule_v1.json
    sha256: sha256:75d8f77dd43184596cde9e345bb1e8300a34753afc29c92feeff81a66b0fccca
    source: generated
    sourceReference: rendered CRD monitoring.coreos.com/v1/PrometheusRule
  - gvk:
      group: monitoring.coreos.com
      kind: ServiceMonitor
      version: v1
    path: generated/monitoring.coreos.com/servicemonitor_v1.json
    sha256: sha256:6a0df031e18bc52972c76d85aa929e6e78b03ebd75c3f291085e9666bebaa693
    source: generated
    sourceReference: rendered CRD monitoring.coreos.com/v1/ServiceMonitor
  - gvk:
      group: monitoring.coreos.com
      kind: ThanosRuler
      version: v1
    path: generated/monitoring.coreos.com/thanosruler_v1.json
    sha256: sha256:995a3154e68bd48543bdffa18a8c2a567aa084646bb693b90ac24a15a2afc3a1
    source: generated
    sourceReference: rendered CRD monitoring.coreos.com/v1/ThanosRuler
  - gvk:
      group: monitoring.coreos.com
      kind: AlertmanagerConfig
      version: v1alpha1
    path: generated/monitoring.coreos.com/alertmanagerconfig_v1alpha1.json
    sha256: sha256:c2db22d1e1dfcbfe55d350d866089f8f76594e43b2e402353fc41c5fe8294258
    source: generated
    sourceReference: rendered CRD monitoring.coreos.com/v1alpha1/AlertmanagerConfig
  - gvk:
      group: networking.istio.io
      kind: DestinationRule
      version: v1
    path: generated/networking.istio.io/destinationrule_v1.json
    sha256: sha256:a660ab423c15f95f029450afe871c2da73ca8e36ee554fd49a1c5956b3a145f1
    source: generated
    sourceReference: rendered CRD networking.istio.io/v1/DestinationRule
  - gvk:
      group: networking.istio.io
      kind: Gateway
      version: v1
    path: generated/networking.istio.io/gateway_v1.json
    sha256: sha256:ea6d0c17cb88ebd05ece6d41d45409ad98fece07a3c13fc800503b41c0dda2da
    source: generated
    sourceReference: rendered CRD networking.istio.io/v1/Gateway
  - gvk:
      group: networking.istio.io
      kind: VirtualService
      version: v1
    path: generated/networking.istio.io/virtualservice_v1.json
    sha256: sha256:2a1092b0fe309ad0182cb5d0593a2f68e1cc2b4b056fceb736c023b9f94c9a20
    source: generated
    sourceReference: rendered CRD networking.istio.io/v1/VirtualService
  - gvk:
      group: policies.kyverno.io
      kind: ValidatingPolicy
      version: v1beta1
    path: generated/policies.kyverno.io/validatingpolicy_v1beta1.json
    sha256: sha256:2a351b500ccf88aedf434a45fd2d089f69288f90d29614fe3487c1996787e076
    source: generated
    sourceReference: rendered CRD policies.kyverno.io/v1beta1/ValidatingPolicy
  - gvk:
      group: policy
      kind: PodDisruptionBudget
      version: v1
    path: kubernetes/policy/poddisruptionbudget_v1.json
    sha256: sha256:da73f50ad0264d73f668eecaa9959da65afe2846602a7a5c8fd51f7799d6a258
    source: kubernetes
    sourceReference: https://raw.githubusercontent.com/yannh/kubernetes-json-schema/a6f9a32d2ccb64b6e4f5b41419b9c2e8ee0cce18/v1.35.3-standalone-strict/poddisruptionbudget-policy-v1.json
  - gvk:
      group: rbac.authorization.k8s.io
      kind: ClusterRole
      version: v1
    path: kubernetes/rbac.authorization.k8s.io/clusterrole_v1.json
    sha256: sha256:0777f91c4fa08bd3989b6db8c59dad0429a63dec8f59e883ff55c947a14d0d5f
    source: kubernetes
    sourceReference: https://raw.githubusercontent.com/yannh/kubernetes-json-schema/a6f9a32d2ccb64b6e4f5b41419b9c2e8ee0cce18/v1.35.3-standalone-strict/clusterrole-rbac-v1.json
  - gvk:
      group: rbac.authorization.k8s.io
      kind: ClusterRoleBinding
      version: v1
    path: kubernetes/rbac.authorization.k8s.io/clusterrolebinding_v1.json
    sha256: sha256:e2d0471b444cf7ea4fd69d7eba1b16e06215503bfbc650450c2b6ad9b40f863c
    source: kubernetes
    sourceReference: https://raw.githubusercontent.com/yannh/kubernetes-json-schema/a6f9a32d2ccb64b6e4f5b41419b9c2e8ee0cce18/v1.35.3-standalone-strict/clusterrolebinding-rbac-v1.json
  - gvk:
      group: rbac.authorization.k8s.io
      kind: Role
      version: v1
    path: kubernetes/rbac.authorization.k8s.io/role_v1.json
    sha256: sha256:dfe8fb03b1642f985b57b12edd1727b6867c13ed4b6761ef81bdd51b1d236711
    source: kubernetes
    sourceReference: https://raw.githubusercontent.com/yannh/kubernetes-json-schema/a6f9a32d2ccb64b6e4f5b41419b9c2e8ee0cce18/v1.35.3-standalone-strict/role-rbac-v1.json
  - gvk:
      group: rbac.authorization.k8s.io
      kind: RoleBinding
      version: v1
    path: kubernetes/rbac.authorization.k8s.io/rolebinding_v1.json
    sha256: sha256:87ab620d0adddcd2803b92357fce2854af752326df8c5408a7588aae98b3031d
    source: kubernetes
    sourceReference: https://raw.githubusercontent.com/yannh/kubernetes-json-schema/a6f9a32d2ccb64b6e4f5b41419b9c2e8ee0cce18/v1.35.3-standalone-strict/rolebinding-rbac-v1.json
version: 1
workspace: lab-charts
